
Microsoft Visual Studio Solution File, Format Version 9.00
# Visual Studio 2005
Project("{2857B73E-F847-4B02-9238-064979017E93}") = "haxworld", "haxworld\haxworld.cproj", "{7323371F-C01B-4563-8DF9-33C2F09A4D9B}"
EndProject
Global
	GlobalSection(SolutionConfigurationPlatforms) = preSolution
		Debug|Any CPU = Debug|Any CPU
		Release|Any CPU = Release|Any CPU
	EndGlobalSection
	GlobalSection(ProjectConfigurationPlatforms) = postSolution
		{7323371F-C01B-4563-8DF9-33C2F09A4D9B}.Debug|Any CPU.ActiveCfg = Debug|Any CPU
		{7323371F-C01B-4563-8DF9-33C2F09A4D9B}.Debug|Any CPU.Build.0 = Debug|Any CPU
		{7323371F-C01B-4563-8DF9-33C2F09A4D9B}.Release|Any CPU.ActiveCfg = Release|Any CPU
		{7323371F-C01B-4563-8DF9-33C2F09A4D9B}.Release|Any CPU.Build.0 = Release|Any CPU
	EndGlobalSection
	GlobalSection(MonoDevelopProperties) = preSolution
		StartupItem = haxworld\haxworld.cproj
	EndGlobalSection
EndGlobal
